
Microsoft Visual Studio Solution File, Format Version 12.00
# Visual Studio Version 16
VisualStudioVersion = 16.0.30503.244
MinimumVisualStudioVersion = 10.0.40219.1
Project("{FAE04EC0-301F-11D3-BF4B-00C04F79EFBC}") = "C2.Flash", "C2.Flash.csproj", "{F4BAB464-D0F5-48BA-8F74-723D6FC9BD71}"
EndProject
Global
	GlobalSection(SolutionConfigurationPlatforms) = preSolution
		Debug|Any CPU = Debug|Any CPU
		Debug|x86 = Debug|x86
		Release|Any CPU = Release|Any CPU
		Release|x86 = Release|x86
	EndGlobalSection
	GlobalSection(ProjectConfigurationPlatforms) = postSolution
		{F4BAB464-D0F5-48BA-8F74-723D6FC9BD71}.Debug|Any CPU.ActiveCfg = Debug|Any CPU
		{F4BAB464-D0F5-48BA-8F74-723D6FC9BD71}.Debug|Any CPU.Build.0 = Debug|Any CPU
		{F4BAB464-D0F5-48BA-8F74-723D6FC9BD71}.Debug|x86.ActiveCfg = Debug|x86
		{F4BAB464-D0F5-48BA-8F74-723D6FC9BD71}.Debug|x86.Build.0 = Debug|x86
		{F4BAB464-D0F5-48BA-8F74-723D6FC9BD71}.Release|Any CPU.ActiveCfg = Release|Any CPU
		{F4BAB464-D0F5-48BA-8F74-723D6FC9BD71}.Release|Any CPU.Build.0 = Release|Any CPU
		{F4BAB464-D0F5-48BA-8F74-723D6FC9BD71}.Release|x86.ActiveCfg = Release|x86
		{F4BAB464-D0F5-48BA-8F74-723D6FC9BD71}.Release|x86.Build.0 = Release|x86
	EndGlobalSection
	GlobalSection(SolutionProperties) = preSolution
		HideSolutionNode = FALSE
	EndGlobalSection
	GlobalSection(ExtensibilityGlobals) = postSolution
		SolutionGuid = {90E5CA58-A1FE-4F9B-BCFF-D9CD5C041361}
	EndGlobalSection
EndGlobal
